
Microsoft Visual Studio Solution File, Format Version 12.00
# Visual Studio Version 16
VisualStudioVersion = 16.0.31729.503
MinimumVisualStudioVersion = 10.0.40219.1
Project("{FAE04EC0-301F-11D3-BF4B-00C04F79EFBC}") = "EnsureThat.IncludeParameterNames.Fody", "EnsureThat.IncludeParameterNames.Fody\EnsureThat.IncludeParameterNames.Fody.csproj", "{A499DD52-E301-4CD6-9680-028E240E04D2}"
EndProject
Project("{FAE04EC0-301F-11D3-BF4B-00C04F79EFBC}") = "AssemblyToProcess", "AssemblyToProcess\AssemblyToProcess.csproj", "{BD006D81-20A1-48F7-B172-C36D0C3DF763}"
EndProject
Project("{FAE04EC0-301F-11D3-BF4B-00C04F79EFBC}") = "Tests", "Tests\Tests.csproj", "{9F2BE5AD-9F8C-4AD4-B343-63BE6C308C2B}"
EndProject
Global
	GlobalSection(SolutionConfigurationPlatforms) = preSolution
		Debug|Any CPU = Debug|Any CPU
		Release|Any CPU = Release|Any CPU
	EndGlobalSection
	GlobalSection(ProjectConfigurationPlatforms) = postSolution
		{A499DD52-E301-4CD6-9680-028E240E04D2}.Debug|Any CPU.ActiveCfg = Debug|Any CPU
		{A499DD52-E301-4CD6-9680-028E240E04D2}.Debug|Any CPU.Build.0 = Debug|Any CPU
		{A499DD52-E301-4CD6-9680-028E240E04D2}.Release|Any CPU.ActiveCfg = Release|Any CPU
		{A499DD52-E301-4CD6-9680-028E240E04D2}.Release|Any CPU.Build.0 = Release|Any CPU
		{BD006D81-20A1-48F7-B172-C36D0C3DF763}.Debug|Any CPU.ActiveCfg = Debug|Any CPU
		{BD006D81-20A1-48F7-B172-C36D0C3DF763}.Debug|Any CPU.Build.0 = Debug|Any CPU
		{BD006D81-20A1-48F7-B172-C36D0C3DF763}.Release|Any CPU.ActiveCfg = Release|Any CPU
		{BD006D81-20A1-48F7-B172-C36D0C3DF763}.Release|Any CPU.Build.0 = Release|Any CPU
		{9F2BE5AD-9F8C-4AD4-B343-63BE6C308C2B}.Debug|Any CPU.ActiveCfg = Debug|Any CPU
		{9F2BE5AD-9F8C-4AD4-B343-63BE6C308C2B}.Debug|Any CPU.Build.0 = Debug|Any CPU
		{9F2BE5AD-9F8C-4AD4-B343-63BE6C308C2B}.Release|Any CPU.ActiveCfg = Release|Any CPU
		{9F2BE5AD-9F8C-4AD4-B343-63BE6C308C2B}.Release|Any CPU.Build.0 = Release|Any CPU
	EndGlobalSection
	GlobalSection(SolutionProperties) = preSolution
		HideSolutionNode = FALSE
	EndGlobalSection
	GlobalSection(ExtensibilityGlobals) = postSolution
		SolutionGuid = {EA543508-60E0-4E58-8749-65C5221F6CB5}
	EndGlobalSection
EndGlobal
